// !$*UTF8*$!
{
	archiveVersion = 1;
	classes = {
	};
	objectVersion = 50;
	objects = {

/* Begin PBXBuildFile section */
		970553972150D87900401CF3 /* DataStoreOutput.swift in Sources */ = {isa = PBXBuildFile; fileRef = 970553962150D87900401CF3 /* DataStoreOutput.swift */; };
		9705539C2150DA4900401CF3 /* DataStoreTableViewUpdaterAdapter.swift in Sources */ = {isa = PBXBuildFile; fileRef = 9705539B2150DA4900401CF3 /* DataStoreTableViewUpdaterAdapter.swift */; };
		9734A6EC214A58640084BB61 /* EmployeeMock.swift in Sources */ = {isa = PBXBuildFile; fileRef = 9734A6EB214A58640084BB61 /* EmployeeMock.swift */; };
		9734A6EE214A61D50084BB61 /* Employee+PresentableEmployeeTest.swift in Sources */ = {isa = PBXBuildFile; fileRef = 9734A6ED214A61D50084BB61 /* Employee+PresentableEmployeeTest.swift */; };
		9734A6F1214A666D0084BB61 /* EmployeeTableViewControllerAssemblerTestDependencyFactorySpy.swift in Sources */ = {isa = PBXBuildFile; fileRef = 9734A6F0214A666D0084BB61 /* EmployeeTableViewControllerAssemblerTestDependencyFactorySpy.swift */; };
		973C2CFB2148F0B300E73B1A /* EmployeeListLayoutOutput.swift in Sources */ = {isa = PBXBuildFile; fileRef = 973C2CFA2148F0B300E73B1A /* EmployeeListLayoutOutput.swift */; };
		973C2CFD2148F10600E73B1A /* EmployeeListLayoutSpy.swift in Sources */ = {isa = PBXBuildFile; fileRef = 973C2CFC2148F10600E73B1A /* EmployeeListLayoutSpy.swift */; };
		973C2CFF2148F19200E73B1A /* EmployeeListLayoutOutputImpTest.swift in Sources */ = {isa = PBXBuildFile; fileRef = 973C2CFE2148F19200E73B1A /* EmployeeListLayoutOutputImpTest.swift */; };
		973C2D012148F4DB00E73B1A /* EmployeeListLayoutOutputImp.swift in Sources */ = {isa = PBXBuildFile; fileRef = 973C2D002148F4DB00E73B1A /* EmployeeListLayoutOutputImp.swift */; };
		973C2D052148FD2D00E73B1A /* Employee.swift in Sources */ = {isa = PBXBuildFile; fileRef = 973C2D042148FD2D00E73B1A /* Employee.swift */; };
		973C2D082148FE1F00E73B1A /* Occupation.swift in Sources */ = {isa = PBXBuildFile; fileRef = 973C2D072148FE1F00E73B1A /* Occupation.swift */; };
		973C2D0B2148FF9500E73B1A /* Employee+PresentableEmployee.swift in Sources */ = {isa = PBXBuildFile; fileRef = 973C2D0A2148FF9500E73B1A /* Employee+PresentableEmployee.swift */; };
		973C2D0E2149172B00E73B1A /* EmployeeTableViewControllerAssembler.swift in Sources */ = {isa = PBXBuildFile; fileRef = 973C2D0D2149172B00E73B1A /* EmployeeTableViewControllerAssembler.swift */; };
		973C2D112149200F00E73B1A /* EmployeeTableViewControllerAssemblerTest.swift in Sources */ = {isa = PBXBuildFile; fileRef = 973C2D102149200F00E73B1A /* EmployeeTableViewControllerAssemblerTest.swift */; };
		973C2D132149543300E73B1A /* EmployeeTableViewControllerAssembler+DependencyFactory.swift in Sources */ = {isa = PBXBuildFile; fileRef = 973C2D122149543300E73B1A /* EmployeeTableViewControllerAssembler+DependencyFactory.swift */; };
		974111F021410475000C8B56 /* AuthenticationView.swift in Sources */ = {isa = PBXBuildFile; fileRef = 974111EF21410475000C8B56 /* AuthenticationView.swift */; };
		9753A110213FCE2100DBC4C8 /* UserAuthenticationUseCase.swift in Sources */ = {isa = PBXBuildFile; fileRef = 9753A10F213FCE2100DBC4C8 /* UserAuthenticationUseCase.swift */; };
		9753A112213FD2A300DBC4C8 /* AuthenticationService.swift in Sources */ = {isa = PBXBuildFile; fileRef = 9753A111213FD2A300DBC4C8 /* AuthenticationService.swift */; };
		9753A114213FD73200DBC4C8 /* UserAuthenticationUseCaseTest.swift in Sources */ = {isa = PBXBuildFile; fileRef = 9753A113213FD73200DBC4C8 /* UserAuthenticationUseCaseTest.swift */; };
		9753A116213FDB7B00DBC4C8 /* UserAuthenticationUseCaseOutput.swift in Sources */ = {isa = PBXBuildFile; fileRef = 9753A115213FDB7B00DBC4C8 /* UserAuthenticationUseCaseOutput.swift */; };
		9753A11C2140101E00DBC4C8 /* UserAuthenticationPresenter.swift in Sources */ = {isa = PBXBuildFile; fileRef = 9753A11B2140101E00DBC4C8 /* UserAuthenticationPresenter.swift */; };
		9753A11E2140114000DBC4C8 /* UserAuthenticationPresenterTest.swift in Sources */ = {isa = PBXBuildFile; fileRef = 9753A11D2140114000DBC4C8 /* UserAuthenticationPresenterTest.swift */; };
		9771ADC7213EB2C7003B2CA1 /* LoginViewControllerTest.swift in Sources */ = {isa = PBXBuildFile; fileRef = 9771ADC6213EB2C7003B2CA1 /* LoginViewControllerTest.swift */; };
		9771ADC9213EB524003B2CA1 /* LoginViewController.swift in Sources */ = {isa = PBXBuildFile; fileRef = 9771ADC8213EB524003B2CA1 /* LoginViewController.swift */; };
		9771ADCB213EB61A003B2CA1 /* LoginViewController.xib in Resources */ = {isa = PBXBuildFile; fileRef = 9771ADCA213EB61A003B2CA1 /* LoginViewController.xib */; };
		97BE8D03214F929300EFEB80 /* EmployeeSelectionController.swift in Sources */ = {isa = PBXBuildFile; fileRef = 97BE8D02214F929300EFEB80 /* EmployeeSelectionController.swift */; };
		97BE8D05214F96C700EFEB80 /* EmployeeListDataSource.swift in Sources */ = {isa = PBXBuildFile; fileRef = 97BE8D04214F96C700EFEB80 /* EmployeeListDataSource.swift */; };
		97BE8D07214FAD7600EFEB80 /* EmployeeListDataSourceSpy.swift in Sources */ = {isa = PBXBuildFile; fileRef = 97BE8D06214FAD7600EFEB80 /* EmployeeListDataSourceSpy.swift */; };
		97BE8D0A214FB27000EFEB80 /* EmployeeListDataSourceDataStoreAdapter.swift in Sources */ = {isa = PBXBuildFile; fileRef = 97BE8D09214FB27000EFEB80 /* EmployeeListDataSourceDataStoreAdapter.swift */; };
		97BE8D0C214FB3B200EFEB80 /* DataStoreTest.swift in Sources */ = {isa = PBXBuildFile; fileRef = 97BE8D0B214FB3B200EFEB80 /* DataStoreTest.swift */; };
		97BE8D0E214FB43600EFEB80 /* DataStore.swift in Sources */ = {isa = PBXBuildFile; fileRef = 97BE8D0D214FB43600EFEB80 /* DataStore.swift */; };
		97BE8D11214FD61900EFEB80 /* EmployeeListDataSourceDataStoreAdapterTest.swift in Sources */ = {isa = PBXBuildFile; fileRef = 97BE8D10214FD61900EFEB80 /* EmployeeListDataSourceDataStoreAdapterTest.swift */; };
		97BE8D14214FD91A00EFEB80 /* DataStoreOutputSpy.swift in Sources */ = {isa = PBXBuildFile; fileRef = 97BE8D13214FD91A00EFEB80 /* DataStoreOutputSpy.swift */; };
		97BEAF7F213E783400AAA342 /* AppDelegate.swift in Sources */ = {isa = PBXBuildFile; fileRef = 97BEAF7E213E783400AAA342 /* AppDelegate.swift */; };
		97BEAF86213E783500AAA342 /* Assets.xcassets in Resources */ = {isa = PBXBuildFile; fileRef = 97BEAF85213E783500AAA342 /* Assets.xcassets */; };
		97BEAF89213E783500AAA342 /* LaunchScreen.storyboard in Resources */ = {isa = PBXBuildFile; fileRef = 97BEAF87213E783500AAA342 /* LaunchScreen.storyboard */; };
		97BEAFA1213E7FFF00AAA342 /* FakeAuthenticationService.swift in Sources */ = {isa = PBXBuildFile; fileRef = 97BEAFA0213E7FFF00AAA342 /* FakeAuthenticationService.swift */; };
		A6A00C7321415CCB00B20891 /* AuthenticationServiceSpy.swift in Sources */ = {isa = PBXBuildFile; fileRef = A6A00C7221415CCB00B20891 /* AuthenticationServiceSpy.swift */; };
		A6A00C7521415CF000B20891 /* UserAuthenticationUseCaseOutputSpy.swift in Sources */ = {isa = PBXBuildFile; fileRef = A6A00C7421415CF000B20891 /* UserAuthenticationUseCaseOutputSpy.swift */; };
		A6B359002142876D0083E982 /* User AuthenticationViewControllerAssemblerTest.swift in Sources */ = {isa = PBXBuildFile; fileRef = A6B358FF2142876D0083E982 /* User AuthenticationViewControllerAssemblerTest.swift */; };
		A6B35902214288600083E982 /* UserAuthenticationViewControllerAssembler.swift in Sources */ = {isa = PBXBuildFile; fileRef = A6B35901214288600083E982 /* UserAuthenticationViewControllerAssembler.swift */; };
		A6B8DB342147B4A600941BA2 /* TableViewController.swift in Sources */ = {isa = PBXBuildFile; fileRef = A6B8DB332147B4A600941BA2 /* TableViewController.swift */; };
		A6B8DB372147B56600941BA2 /* TableViewControllerTest.swift in Sources */ = {isa = PBXBuildFile; fileRef = A6B8DB362147B56600941BA2 /* TableViewControllerTest.swift */; };
		A6B8DB392147B67100941BA2 /* TableViewController.xib in Resources */ = {isa = PBXBuildFile; fileRef = A6B8DB382147B67100941BA2 /* TableViewController.xib */; };
		A6B8DB3C2147B7D200941BA2 /* TableViewLayout.swift in Sources */ = {isa = PBXBuildFile; fileRef = A6B8DB3B2147B7D200941BA2 /* TableViewLayout.swift */; };
		A6B8DB3F2147BC2C00941BA2 /* TableViewLayoutSpy.swift in Sources */ = {isa = PBXBuildFile; fileRef = A6B8DB3E2147BC2C00941BA2 /* TableViewLayoutSpy.swift */; };
		A6B8DB432147BE7B00941BA2 /* EmployeeListLayout.swift in Sources */ = {isa = PBXBuildFile; fileRef = A6B8DB422147BE7B00941BA2 /* EmployeeListLayout.swift */; };
		A6B8DB452147BEA600941BA2 /* EmployeeListLayoutTest.swift in Sources */ = {isa = PBXBuildFile; fileRef = A6B8DB442147BEA600941BA2 /* EmployeeListLayoutTest.swift */; };
		A6B8DB492147CDFF00941BA2 /* EmployeeListLayoutCellBuilderSpy.swift in Sources */ = {isa = PBXBuildFile; fileRef = A6B8DB482147CDFF00941BA2 /* EmployeeListLayoutCellBuilderSpy.swift */; };
		A6B8DB4C2147CFE900941BA2 /* PresentableEmployee.swift in Sources */ = {isa = PBXBuildFile; fileRef = A6B8DB4B2147CFE900941BA2 /* PresentableEmployee.swift */; };
		A6B8DB4E2147E83D00941BA2 /* EmployeeListLayout+CellBuilder.swift in Sources */ = {isa = PBXBuildFile; fileRef = A6B8DB4D2147E83D00941BA2 /* EmployeeListLayout+CellBuilder.swift */; };
		A6B8DB502147E8A500941BA2 /* UserAuthenticationViewControllerAssembler+DependencyFactory.swift in Sources */ = {isa = PBXBuildFile; fileRef = A6B8DB4F2147E8A500941BA2 /* UserAuthenticationViewControllerAssembler+DependencyFactory.swift */; };
		A6B8DB532147E92C00941BA2 /* AuthenticationViewSpy.swift in Sources */ = {isa = PBXBuildFile; fileRef = A6B8DB522147E92C00941BA2 /* AuthenticationViewSpy.swift */; };
		A6B8DB562147E97E00941BA2 /* UserAuthenticationViewControllerAssemblerDependencyFactorySpy.swift in Sources */ = {isa = PBXBuildFile; fileRef = A6B8DB552147E97E00941BA2 /* UserAuthenticationViewControllerAssemblerDependencyFactorySpy.swift */; };
		A6B8DB582147E9B000941BA2 /* UserAuthenticationUseCaseSpy.swift in Sources */ = {isa = PBXBuildFile; fileRef = A6B8DB572147E9B000941BA2 /* UserAuthenticationUseCaseSpy.swift */; };
		A6B8DB5B2147EB3400941BA2 /* EmployeeCellTest.swift in Sources */ = {isa = PBXBuildFile; fileRef = A6B8DB5A2147EB3400941BA2 /* EmployeeCellTest.swift */; };
		A6B8DB5E2147EBF200941BA2 /* EmployeeCell.swift in Sources */ = {isa = PBXBuildFile; fileRef = A6B8DB5D2147EBF200941BA2 /* EmployeeCell.swift */; };
		A6B8DB602147EC6500941BA2 /* EmployeeCell.xib in Resources */ = {isa = PBXBuildFile; fileRef = A6B8DB5F2147EC6500941BA2 /* EmployeeCell.xib */; };
		A6B8DB692147F4CD00941BA2 /* EmployeeListLayoutCellBuilderTest.swift in Sources */ = {isa = PBXBuildFile; fileRef = A6B8DB682147F4CD00941BA2 /* EmployeeListLayoutCellBuilderTest.swift */; };
		A6C256EC214157E900267E92 /* LoginViewController+LoginView.swift in Sources */ = {isa = PBXBuildFile; fileRef = A6C256EB214157E900267E92 /* LoginViewController+LoginView.swift */; };
		A6D7197D2142A68400CF9134 /* WeakRef.swift in Sources */ = {isa = PBXBuildFile; fileRef = A6D7197C2142A68400CF9134 /* WeakRef.swift */; };
		A6D7197F2142A69300CF9134 /* WeakRefTest.swift in Sources */ = {isa = PBXBuildFile; fileRef = A6D7197E2142A69300CF9134 /* WeakRefTest.swift */; };
		A6D719832142A8F400CF9134 /* WeakRef+AuthenticationViewTest.swift in Sources */ = {isa = PBXBuildFile; fileRef = A6D719822142A8F400CF9134 /* WeakRef+AuthenticationViewTest.swift */; };
		A6D719852142A95900CF9134 /* WeakRef+AuthenticationView.swift in Sources */ = {isa = PBXBuildFile; fileRef = A6D719842142A95900CF9134 /* WeakRef+AuthenticationView.swift */; };
/* End PBXBuildFile section */

/* Begin PBXContainerItemProxy section */
		97BEAF90213E783500AAA342 /* PBXContainerItemProxy */ = {
			isa = PBXContainerItemProxy;
			containerPortal = 97BEAF73213E783400AAA342 /* Project object */;
			proxyType = 1;
			remoteGlobalIDString = 97BEAF7A213E783400AAA342;
			remoteInfo = EmployeesApp;
		};
/* End PBXContainerItemProxy section */

/* Begin PBXFileReference section */
		970553962150D87900401CF3 /* DataStoreOutput.swift */ = {isa = PBXFileReference; lastKnownFileType = sourcecode.swift; path = DataStoreOutput.swift; sourceTree = "<group>"; };
		9705539B2150DA4900401CF3 /* DataStoreTableViewUpdaterAdapter.swift */ = {isa = PBXFileReference; lastKnownFileType = sourcecode.swift; path = DataStoreTableViewUpdaterAdapter.swift; sourceTree = "<group>"; };
		9734A6EB214A58640084BB61 /* EmployeeMock.swift */ = {isa = PBXFileReference; lastKnownFileType = sourcecode.swift; path = EmployeeMock.swift; sourceTree = "<group>"; };
		9734A6ED214A61D50084BB61 /* Employee+PresentableEmployeeTest.swift */ = {isa = PBXFileReference; lastKnownFileType = sourcecode.swift; path = "Employee+PresentableEmployeeTest.swift"; sourceTree = "<group>"; };
		9734A6F0214A666D0084BB61 /* EmployeeTableViewControllerAssemblerTestDependencyFactorySpy.swift */ = {isa = PBXFileReference; lastKnownFileType = sourcecode.swift; path = EmployeeTableViewControllerAssemblerTestDependencyFactorySpy.swift; sourceTree = "<group>"; };
		973C2CFA2148F0B300E73B1A /* EmployeeListLayoutOutput.swift */ = {isa = PBXFileReference; lastKnownFileType = sourcecode.swift; path = EmployeeListLayoutOutput.swift; sourceTree = "<group>"; };
		973C2CFC2148F10600E73B1A /* EmployeeListLayoutSpy.swift */ = {isa = PBXFileReference; lastKnownFileType = sourcecode.swift; path = EmployeeListLayoutSpy.swift; sourceTree = "<group>"; };
		973C2CFE2148F19200E73B1A /* EmployeeListLayoutOutputImpTest.swift */ = {isa = PBXFileReference; lastKnownFileType = sourcecode.swift; path = EmployeeListLayoutOutputImpTest.swift; sourceTree = "<group>"; };
		973C2D002148F4DB00E73B1A /* EmployeeListLayoutOutputImp.swift */ = {isa = PBXFileReference; lastKnownFileType = sourcecode.swift; path = EmployeeListLayoutOutputImp.swift; sourceTree = "<group>"; };
		973C2D042148FD2D00E73B1A /* Employee.swift */ = {isa = PBXFileReference; lastKnownFileType = sourcecode.swift; path = Employee.swift; sourceTree = "<group>"; };
		973C2D072148FE1F00E73B1A /* Occupation.swift */ = {isa = PBXFileReference; lastKnownFileType = sourcecode.swift; path = Occupation.swift; sourceTree = "<group>"; };
		973C2D0A2148FF9500E73B1A /* Employee+PresentableEmployee.swift */ = {isa = PBXFileReference; lastKnownFileType = sourcecode.swift; path = "Employee+PresentableEmployee.swift"; sourceTree = "<group>"; };
		973C2D0D2149172B00E73B1A /* EmployeeTableViewControllerAssembler.swift */ = {isa = PBXFileReference; lastKnownFileType = sourcecode.swift; path = EmployeeTableViewControllerAssembler.swift; sourceTree = "<group>"; };
		973C2D102149200F00E73B1A /* EmployeeTableViewControllerAssemblerTest.swift */ = {isa = PBXFileReference; lastKnownFileType = sourcecode.swift; path = EmployeeTableViewControllerAssemblerTest.swift; sourceTree = "<group>"; };
		973C2D122149543300E73B1A /* EmployeeTableViewControllerAssembler+DependencyFactory.swift */ = {isa = PBXFileReference; lastKnownFileType = sourcecode.swift; path = "EmployeeTableViewControllerAssembler+DependencyFactory.swift"; sourceTree = "<group>"; };
		974111EF21410475000C8B56 /* AuthenticationView.swift */ = {isa = PBXFileReference; lastKnownFileType = sourcecode.swift; path = AuthenticationView.swift; sourceTree = "<group>"; };
		9753A10F213FCE2100DBC4C8 /* UserAuthenticationUseCase.swift */ = {isa = PBXFileReference; lastKnownFileType = sourcecode.swift; path = UserAuthenticationUseCase.swift; sourceTree = "<group>"; };
		9753A111213FD2A300DBC4C8 /* AuthenticationService.swift */ = {isa = PBXFileReference; lastKnownFileType = sourcecode.swift; path = AuthenticationService.swift; sourceTree = "<group>"; };
		9753A113213FD73200DBC4C8 /* UserAuthenticationUseCaseTest.swift */ = {isa = PBXFileReference; lastKnownFileType = sourcecode.swift; path = UserAuthenticationUseCaseTest.swift; sourceTree = "<group>"; };
		9753A115213FDB7B00DBC4C8 /* UserAuthenticationUseCaseOutput.swift */ = {isa = PBXFileReference; lastKnownFileType = sourcecode.swift; path = UserAuthenticationUseCaseOutput.swift; sourceTree = "<group>"; };
		9753A11B2140101E00DBC4C8 /* UserAuthenticationPresenter.swift */ = {isa = PBXFileReference; lastKnownFileType = sourcecode.swift; path = UserAuthenticationPresenter.swift; sourceTree = "<group>"; };
		9753A11D2140114000DBC4C8 /* UserAuthenticationPresenterTest.swift */ = {isa = PBXFileReference; lastKnownFileType = sourcecode.swift; path = UserAuthenticationPresenterTest.swift; sourceTree = "<group>"; };
		9771ADC6213EB2C7003B2CA1 /* LoginViewControllerTest.swift */ = {isa = PBXFileReference; lastKnownFileType = sourcecode.swift; path = LoginViewControllerTest.swift; sourceTree = "<group>"; };
		9771ADC8213EB524003B2CA1 /* LoginViewController.swift */ = {isa = PBXFileReference; lastKnownFileType = sourcecode.swift; path = LoginViewController.swift; sourceTree = "<group>"; };
		9771ADCA213EB61A003B2CA1 /* LoginViewController.xib */ = {isa = PBXFileReference; lastKnownFileType = file.xib; path = LoginViewController.xib; sourceTree = "<group>"; };
		97BE8D02214F929300EFEB80 /* EmployeeSelectionController.swift */ = {isa = PBXFileReference; lastKnownFileType = sourcecode.swift; path = EmployeeSelectionController.swift; sourceTree = "<group>"; };
		97BE8D04214F96C700EFEB80 /* EmployeeListDataSource.swift */ = {isa = PBXFileReference; lastKnownFileType = sourcecode.swift; path = EmployeeListDataSource.swift; sourceTree = "<group>"; };
		97BE8D06214FAD7600EFEB80 /* EmployeeListDataSourceSpy.swift */ = {isa = PBXFileReference; lastKnownFileType = sourcecode.swift; path = EmployeeListDataSourceSpy.swift; sourceTree = "<group>"; };
		97BE8D09214FB27000EFEB80 /* EmployeeListDataSourceDataStoreAdapter.swift */ = {isa = PBXFileReference; lastKnownFileType = sourcecode.swift; path = EmployeeListDataSourceDataStoreAdapter.swift; sourceTree = "<group>"; };
		97BE8D0B214FB3B200EFEB80 /* DataStoreTest.swift */ = {isa = PBXFileReference; lastKnownFileType = sourcecode.swift; path = DataStoreTest.swift; sourceTree = "<group>"; };
		97BE8D0D214FB43600EFEB80 /* DataStore.swift */ = {isa = PBXFileReference; lastKnownFileType = sourcecode.swift; path = DataStore.swift; sourceTree = "<group>"; };
		97BE8D10214FD61900EFEB80 /* EmployeeListDataSourceDataStoreAdapterTest.swift */ = {isa = PBXFileReference; lastKnownFileType = sourcecode.swift; path = EmployeeListDataSourceDataStoreAdapterTest.swift; sourceTree = "<group>"; };
		97BE8D13214FD91A00EFEB80 /* DataStoreOutputSpy.swift */ = {isa = PBXFileReference; lastKnownFileType = sourcecode.swift; path = DataStoreOutputSpy.swift; sourceTree = "<group>"; };
		97BEAF7B213E783400AAA342 /* EmployeesApp.app */ = {isa = PBXFileReference; explicitFileType = wrapper.application; includeInIndex = 0; path = EmployeesApp.app; sourceTree = BUILT_PRODUCTS_DIR; };
		97BEAF7E213E783400AAA342 /* AppDelegate.swift */ = {isa = PBXFileReference; lastKnownFileType = sourcecode.swift; path = AppDelegate.swift; sourceTree = "<group>"; };
		97BEAF85213E783500AAA342 /* Assets.xcassets */ = {isa = PBXFileReference; lastKnownFileType = folder.assetcatalog; path = Assets.xcassets; sourceTree = "<group>"; };
		97BEAF88213E783500AAA342 /* Base */ = {isa = PBXFileReference; lastKnownFileType = file.storyboard; name = Base; path = Base.lproj/LaunchScreen.storyboard; sourceTree = "<group>"; };
		97BEAF8A213E783500AAA342 /* Info.plist */ = {isa = PBXFileReference; lastKnownFileType = text.plist.xml; path = Info.plist; sourceTree = "<group>"; };
		97BEAF8F213E783500AAA342 /* EmployeesAppTests.xctest */ = {isa = PBXFileReference; explicitFileType = wrapper.cfbundle; includeInIndex = 0; path = EmployeesAppTests.xctest; sourceTree = BUILT_PRODUCTS_DIR; };
		97BEAF95213E783500AAA342 /* Info.plist */ = {isa = PBXFileReference; lastKnownFileType = text.plist.xml; path = Info.plist; sourceTree = "<group>"; };
		97BEAFA0213E7FFF00AAA342 /* FakeAuthenticationService.swift */ = {isa = PBXFileReference; lastKnownFileType = sourcecode.swift; path = FakeAuthenticationService.swift; sourceTree = "<group>"; };
		A6A00C7221415CCB00B20891 /* AuthenticationServiceSpy.swift */ = {isa = PBXFileReference; lastKnownFileType = sourcecode.swift; path = AuthenticationServiceSpy.swift; sourceTree = "<group>"; };
		A6A00C7421415CF000B20891 /* UserAuthenticationUseCaseOutputSpy.swift */ = {isa = PBXFileReference; lastKnownFileType = sourcecode.swift; path = UserAuthenticationUseCaseOutputSpy.swift; sourceTree = "<group>"; };
		A6B358FF2142876D0083E982 /* User AuthenticationViewControllerAssemblerTest.swift */ = {isa = PBXFileReference; lastKnownFileType = sourcecode.swift; path = "User AuthenticationViewControllerAssemblerTest.swift"; sourceTree = "<group>"; };
		A6B35901214288600083E982 /* UserAuthenticationViewControllerAssembler.swift */ = {isa = PBXFileReference; lastKnownFileType = sourcecode.swift; path = UserAuthenticationViewControllerAssembler.swift; sourceTree = "<group>"; };
		A6B8DB332147B4A600941BA2 /* TableViewController.swift */ = {isa = PBXFileReference; lastKnownFileType = sourcecode.swift; path = TableViewController.swift; sourceTree = "<group>"; };
		A6B8DB362147B56600941BA2 /* TableViewControllerTest.swift */ = {isa = PBXFileReference; lastKnownFileType = sourcecode.swift; path = TableViewControllerTest.swift; sourceTree = "<group>"; };
		A6B8DB382147B67100941BA2 /* TableViewController.xib */ = {isa = PBXFileReference; lastKnownFileType = file.xib; path = TableViewController.xib; sourceTree = "<group>"; };
		A6B8DB3B2147B7D200941BA2 /* TableViewLayout.swift */ = {isa = PBXFileReference; lastKnownFileType = sourcecode.swift; path = TableViewLayout.swift; sourceTree = "<group>"; };
		A6B8DB3E2147BC2C00941BA2 /* TableViewLayoutSpy.swift */ = {isa = PBXFileReference; lastKnownFileType = sourcecode.swift; path = TableViewLayoutSpy.swift; sourceTree = "<group>"; };
		A6B8DB422147BE7B00941BA2 /* EmployeeListLayout.swift */ = {isa = PBXFileReference; lastKnownFileType = sourcecode.swift; path = EmployeeListLayout.swift; sourceTree = "<group>"; };
		A6B8DB442147BEA600941BA2 /* EmployeeListLayoutTest.swift */ = {isa = PBXFileReference; lastKnownFileType = sourcecode.swift; path = EmployeeListLayoutTest.swift; sourceTree = "<group>"; };
		A6B8DB482147CDFF00941BA2 /* EmployeeListLayoutCellBuilderSpy.swift */ = {isa = PBXFileReference; lastKnownFileType = sourcecode.swift; path = EmployeeListLayoutCellBuilderSpy.swift; sourceTree = "<group>"; };
		A6B8DB4B2147CFE900941BA2 /* PresentableEmployee.swift */ = {isa = PBXFileReference; lastKnownFileType = sourcecode.swift; path = PresentableEmployee.swift; sourceTree = "<group>"; };
		A6B8DB4D2147E83D00941BA2 /* EmployeeListLayout+CellBuilder.swift */ = {isa = PBXFileReference; lastKnownFileType = sourcecode.swift; path = "EmployeeListLayout+CellBuilder.swift"; sourceTree = "<group>"; };
		A6B8DB4F2147E8A500941BA2 /* UserAuthenticationViewControllerAssembler+DependencyFactory.swift */ = {isa = PBXFileReference; lastKnownFileType = sourcecode.swift; path = "UserAuthenticationViewControllerAssembler+DependencyFactory.swift"; sourceTree = "<group>"; };
		A6B8DB522147E92C00941BA2 /* AuthenticationViewSpy.swift */ = {isa = PBXFileReference; lastKnownFileType = sourcecode.swift; path = AuthenticationViewSpy.swift; sourceTree = "<group>"; };
		A6B8DB552147E97E00941BA2 /* UserAuthenticationViewControllerAssemblerDependencyFactorySpy.swift */ = {isa = PBXFileReference; lastKnownFileType = sourcecode.swift; path = UserAuthenticationViewControllerAssemblerDependencyFactorySpy.swift; sourceTree = "<group>"; };
		A6B8DB572147E9B000941BA2 /* UserAuthenticationUseCaseSpy.swift */ = {isa = PBXFileReference; lastKnownFileType = sourcecode.swift; path = UserAuthenticationUseCaseSpy.swift; sourceTree = "<group>"; };
		A6B8DB5A2147EB3400941BA2 /* EmployeeCellTest.swift */ = {isa = PBXFileReference; lastKnownFileType = sourcecode.swift; path = EmployeeCellTest.swift; sourceTree = "<group>"; };
		A6B8DB5D2147EBF200941BA2 /* EmployeeCell.swift */ = {isa = PBXFileReference; lastKnownFileType = sourcecode.swift; path = EmployeeCell.swift; sourceTree = "<group>"; };
		A6B8DB5F2147EC6500941BA2 /* EmployeeCell.xib */ = {isa = PBXFileReference; lastKnownFileType = file.xib; path = EmployeeCell.xib; sourceTree = "<group>"; };
		A6B8DB682147F4CD00941BA2 /* EmployeeListLayoutCellBuilderTest.swift */ = {isa = PBXFileReference; lastKnownFileType = sourcecode.swift; path = EmployeeListLayoutCellBuilderTest.swift; sourceTree = "<group>"; };
		A6C256EB214157E900267E92 /* LoginViewController+LoginView.swift */ = {isa = PBXFileReference; lastKnownFileType = sourcecode.swift; path = "LoginViewController+LoginView.swift"; sourceTree = "<group>"; };
		A6D7197C2142A68400CF9134 /* WeakRef.swift */ = {isa = PBXFileReference; lastKnownFileType = sourcecode.swift; path = WeakRef.swift; sourceTree = "<group>"; };
		A6D7197E2142A69300CF9134 /* WeakRefTest.swift */ = {isa = PBXFileReference; lastKnownFileType = sourcecode.swift; path = WeakRefTest.swift; sourceTree = "<group>"; };
		A6D719822142A8F400CF9134 /* WeakRef+AuthenticationViewTest.swift */ = {isa = PBXFileReference; lastKnownFileType = sourcecode.swift; path = "WeakRef+AuthenticationViewTest.swift"; sourceTree = "<group>"; };
		A6D719842142A95900CF9134 /* WeakRef+AuthenticationView.swift */ = {isa = PBXFileReference; lastKnownFileType = sourcecode.swift; path = "WeakRef+AuthenticationView.swift"; sourceTree = "<group>"; };
/* End PBXFileReference section */

/* Begin PBXFrameworksBuildPhase section */
		97BEAF78213E783400AAA342 /* Frameworks */ = {
			isa = PBXFrameworksBuildPhase;
			buildActionMask = 2147483647;
			files = (
			);
			runOnlyForDeploymentPostprocessing = 0;
		};
		97BEAF8C213E783500AAA342 /* Frameworks */ = {
			isa = PBXFrameworksBuildPhase;
			buildActionMask = 2147483647;
			files = (
			);
			runOnlyForDeploymentPostprocessing = 0;
		};
/* End PBXFrameworksBuildPhase section */

/* Begin PBXGroup section */
		970553942150D84E00401CF3 /* Data Store */ = {
			isa = PBXGroup;
			children = (
				970553952150D86200401CF3 /* Protocols */,
				97BE8D0D214FB43600EFEB80 /* DataStore.swift */,
				9705539B2150DA4900401CF3 /* DataStoreTableViewUpdaterAdapter.swift */,
			);
			path = "Data Store";
			sourceTree = "<group>";
		};
		970553952150D86200401CF3 /* Protocols */ = {
			isa = PBXGroup;
			children = (
				970553962150D87900401CF3 /* DataStoreOutput.swift */,
			);
			path = Protocols;
			sourceTree = "<group>";
		};
		970553982150D94A00401CF3 /* Data Store */ = {
			isa = PBXGroup;
			children = (
				97BE8D12214FD8FD00EFEB80 /* Helpers */,
				97BE8D0B214FB3B200EFEB80 /* DataStoreTest.swift */,
			);
			path = "Data Store";
			sourceTree = "<group>";
		};
		9734A6EF214A664A0084BB61 /* Helpers */ = {
			isa = PBXGroup;
			children = (
				9734A6F0214A666D0084BB61 /* EmployeeTableViewControllerAssemblerTestDependencyFactorySpy.swift */,
			);
			path = Helpers;
			sourceTree = "<group>";
		};
		973C2D022148FCEB00E73B1A /* Model */ = {
			isa = PBXGroup;
			children = (
				973C2D032148FD0000E73B1A /* Employee Model */,
			);
			path = Model;
			sourceTree = "<group>";
		};
		973C2D032148FD0000E73B1A /* Employee Model */ = {
			isa = PBXGroup;
			children = (
				973C2D062148FE0D00E73B1A /* Enum */,
				973C2D042148FD2D00E73B1A /* Employee.swift */,
			);
			path = "Employee Model";
			sourceTree = "<group>";
		};
		973C2D062148FE0D00E73B1A /* Enum */ = {
			isa = PBXGroup;
			children = (
				973C2D072148FE1F00E73B1A /* Occupation.swift */,
			);
			path = Enum;
			sourceTree = "<group>";
		};
		973C2D0C2149168B00E73B1A /* Employee Table View Controller Assembler */ = {
			isa = PBXGroup;
			children = (
				973C2D0A2148FF9500E73B1A /* Employee+PresentableEmployee.swift */,
				973C2D0D2149172B00E73B1A /* EmployeeTableViewControllerAssembler.swift */,
				973C2D122149543300E73B1A /* EmployeeTableViewControllerAssembler+DependencyFactory.swift */,
			);
			path = "Employee Table View Controller Assembler";
			sourceTree = "<group>";
		};
		973C2D0F21491FA900E73B1A /* Employee Table View Controller Assembler */ = {
			isa = PBXGroup;
			children = (
				9734A6EF214A664A0084BB61 /* Helpers */,
				973C2D102149200F00E73B1A /* EmployeeTableViewControllerAssemblerTest.swift */,
				9734A6ED214A61D50084BB61 /* Employee+PresentableEmployeeTest.swift */,
			);
			path = "Employee Table View Controller Assembler";
			sourceTree = "<group>";
		};
		97BE8CFF214F858800EFEB80 /* Employee List */ = {
			isa = PBXGroup;
			children = (
				97BE8D08214FB25800EFEB80 /* Adapters */,
				973C2D002148F4DB00E73B1A /* EmployeeListLayoutOutputImp.swift */,
				97BE8D02214F929300EFEB80 /* EmployeeSelectionController.swift */,
			);
			path = "Employee List";
			sourceTree = "<group>";
		};
		97BE8D00214F869A00EFEB80 /* Employee List */ = {
			isa = PBXGroup;
			children = (
				973C2CFE2148F19200E73B1A /* EmployeeListLayoutOutputImpTest.swift */,
				97BE8D10214FD61900EFEB80 /* EmployeeListDataSourceDataStoreAdapterTest.swift */,
			);
			path = "Employee List";
			sourceTree = "<group>";
		};
		97BE8D08214FB25800EFEB80 /* Adapters */ = {
			isa = PBXGroup;
			children = (
				97BE8D09214FB27000EFEB80 /* EmployeeListDataSourceDataStoreAdapter.swift */,
			);
			path = Adapters;
			sourceTree = "<group>";
		};
		97BE8D12214FD8FD00EFEB80 /* Helpers */ = {
			isa = PBXGroup;
			children = (
				97BE8D13214FD91A00EFEB80 /* DataStoreOutputSpy.swift */,
			);
			path = Helpers;
			sourceTree = "<group>";
		};
		97BEAF72213E783400AAA342 = {
			isa = PBXGroup;
			children = (
				97BEAF7D213E783400AAA342 /* EmployeesApp */,
				97BEAF92213E783500AAA342 /* EmployeesAppTests */,
				97BEAF7C213E783400AAA342 /* Products */,
			);
			sourceTree = "<group>";
		};
		97BEAF7C213E783400AAA342 /* Products */ = {
			isa = PBXGroup;
			children = (
				97BEAF7B213E783400AAA342 /* EmployeesApp.app */,
				97BEAF8F213E783500AAA342 /* EmployeesAppTests.xctest */,
			);
			name = Products;
			sourceTree = "<group>";
		};
		97BEAF7D213E783400AAA342 /* EmployeesApp */ = {
			isa = PBXGroup;
			children = (
				973C2D022148FCEB00E73B1A /* Model */,
				A6C256E2214156AA00267E92 /* View */,
				A6C256E3214156AF00267E92 /* Application Logic */,
				A6C256E4214156CA00267E92 /* Presentation */,
				A6C256E1214156A300267E92 /* Main */,
				97BEAF7E213E783400AAA342 /* AppDelegate.swift */,
				97BEAF8A213E783500AAA342 /* Info.plist */,
			);
			path = EmployeesApp;
			sourceTree = "<group>";
		};
		97BEAF92213E783500AAA342 /* EmployeesAppTests */ = {
			isa = PBXGroup;
			children = (
				A6C256E72141571300267E92 /* View */,
				A6C256E82141571B00267E92 /* Application Logic */,
				A6C256E92141572400267E92 /* Presentation */,
				A6C256EA2141572C00267E92 /* Main */,
				97BEAF95213E783500AAA342 /* Info.plist */,
			);
			path = EmployeesAppTests;
			sourceTree = "<group>";
		};
		A6A00C7121415CA200B20891 /* Helpers */ = {
			isa = PBXGroup;
			children = (
				A6A00C7221415CCB00B20891 /* AuthenticationServiceSpy.swift */,
				A6A00C7421415CF000B20891 /* UserAuthenticationUseCaseOutputSpy.swift */,
			);
			path = Helpers;
			sourceTree = "<group>";
		};
		A6B358FD214287380083E982 /* User Authentication View Controller Assembler */ = {
			isa = PBXGroup;
			children = (
				A6C256EB214157E900267E92 /* LoginViewController+LoginView.swift */,
				A6B35901214288600083E982 /* UserAuthenticationViewControllerAssembler.swift */,
				A6D719842142A95900CF9134 /* WeakRef+AuthenticationView.swift */,
				A6B8DB4F2147E8A500941BA2 /* UserAuthenticationViewControllerAssembler+DependencyFactory.swift */,
			);
			path = "User Authentication View Controller Assembler";
			sourceTree = "<group>";
		};
		A6B358FE2142875D0083E982 /* User Authentication View Controller Assembler */ = {
			isa = PBXGroup;
			children = (
				A6B8DB542147E97200941BA2 /* Helpers */,
				A6B358FF2142876D0083E982 /* User AuthenticationViewControllerAssemblerTest.swift */,
				A6D719822142A8F400CF9134 /* WeakRef+AuthenticationViewTest.swift */,
			);
			path = "User Authentication View Controller Assembler";
			sourceTree = "<group>";
		};
		A6B8DB322147B47600941BA2 /* Table View Controller */ = {
			isa = PBXGroup;
			children = (
				A6B8DB5C2147EBDB00941BA2 /* Cells */,
				A6B8DB412147BE5500941BA2 /* Layouts */,
				A6B8DB3A2147B7B100941BA2 /* Protocols */,
				A6B8DB332147B4A600941BA2 /* TableViewController.swift */,
				A6B8DB382147B67100941BA2 /* TableViewController.xib */,
			);
			path = "Table View Controller";
			sourceTree = "<group>";
		};
		A6B8DB352147B54100941BA2 /* Table View Controller */ = {
			isa = PBXGroup;
			children = (
				A6B8DB592147EB0A00941BA2 /* Cells */,
				A6B8DB462147CDF200941BA2 /* Layouts */,
				A6B8DB3D2147BC1000941BA2 /* Helpers */,
				A6B8DB362147B56600941BA2 /* TableViewControllerTest.swift */,
			);
			path = "Table View Controller";
			sourceTree = "<group>";
		};
		A6B8DB3A2147B7B100941BA2 /* Protocols */ = {
			isa = PBXGroup;
			children = (
				A6B8DB3B2147B7D200941BA2 /* TableViewLayout.swift */,
			);
			path = Protocols;
			sourceTree = "<group>";
		};
		A6B8DB3D2147BC1000941BA2 /* Helpers */ = {
			isa = PBXGroup;
			children = (
				A6B8DB3E2147BC2C00941BA2 /* TableViewLayoutSpy.swift */,
			);
			path = Helpers;
			sourceTree = "<group>";
		};
		A6B8DB402147BC4500941BA2 /* Login View Controller */ = {
			isa = PBXGroup;
			children = (
				9771ADC6213EB2C7003B2CA1 /* LoginViewControllerTest.swift */,
			);
			path = "Login View Controller";
			sourceTree = "<group>";
		};
		A6B8DB412147BE5500941BA2 /* Layouts */ = {
			isa = PBXGroup;
			children = (
				A6B8DB4A2147CFD700941BA2 /* Protocols */,
				A6B8DB422147BE7B00941BA2 /* EmployeeListLayout.swift */,
				A6B8DB4D2147E83D00941BA2 /* EmployeeListLayout+CellBuilder.swift */,
			);
			path = Layouts;
			sourceTree = "<group>";
		};
		A6B8DB462147CDF200941BA2 /* Layouts */ = {
			isa = PBXGroup;
			children = (
				A6B8DB472147CDF900941BA2 /* Helpers */,
				A6B8DB442147BEA600941BA2 /* EmployeeListLayoutTest.swift */,
				A6B8DB682147F4CD00941BA2 /* EmployeeListLayoutCellBuilderTest.swift */,
			);
			path = Layouts;
			sourceTree = "<group>";
		};
		A6B8DB472147CDF900941BA2 /* Helpers */ = {
			isa = PBXGroup;
			children = (
				A6B8DB482147CDFF00941BA2 /* EmployeeListLayoutCellBuilderSpy.swift */,
				973C2CFC2148F10600E73B1A /* EmployeeListLayoutSpy.swift */,
				9734A6EB214A58640084BB61 /* EmployeeMock.swift */,
				97BE8D06214FAD7600EFEB80 /* EmployeeListDataSourceSpy.swift */,
			);
			path = Helpers;
			sourceTree = "<group>";
		};
		A6B8DB4A2147CFD700941BA2 /* Protocols */ = {
			isa = PBXGroup;
			children = (
				A6B8DB4B2147CFE900941BA2 /* PresentableEmployee.swift */,
				973C2CFA2148F0B300E73B1A /* EmployeeListLayoutOutput.swift */,
				97BE8D04214F96C700EFEB80 /* EmployeeListDataSource.swift */,
			);
			path = Protocols;
			sourceTree = "<group>";
		};
		A6B8DB512147E91F00941BA2 /* Helpers */ = {
			isa = PBXGroup;
			children = (
				A6B8DB522147E92C00941BA2 /* AuthenticationViewSpy.swift */,
			);
			path = Helpers;
			sourceTree = "<group>";
		};
		A6B8DB542147E97200941BA2 /* Helpers */ = {
			isa = PBXGroup;
			children = (
				A6B8DB552147E97E00941BA2 /* UserAuthenticationViewControllerAssemblerDependencyFactorySpy.swift */,
				A6B8DB572147E9B000941BA2 /* UserAuthenticationUseCaseSpy.swift */,
			);
			path = Helpers;
			sourceTree = "<group>";
		};
		A6B8DB592147EB0A00941BA2 /* Cells */ = {
			isa = PBXGroup;
			children = (
				A6B8DB5A2147EB3400941BA2 /* EmployeeCellTest.swift */,
			);
			path = Cells;
			sourceTree = "<group>";
		};
		A6B8DB5C2147EBDB00941BA2 /* Cells */ = {
			isa = PBXGroup;
			children = (
				A6B8DB5D2147EBF200941BA2 /* EmployeeCell.swift */,
				A6B8DB5F2147EC6500941BA2 /* EmployeeCell.xib */,
			);
			path = Cells;
			sourceTree = "<group>";
		};
		A6C256E1214156A300267E92 /* Main */ = {
			isa = PBXGroup;
			children = (
				970553942150D84E00401CF3 /* Data Store */,
				97BE8CFF214F858800EFEB80 /* Employee List */,
				A6D719812142A6A600CF9134 /* Assemblers */,
			);
			path = Main;
			sourceTree = "<group>";
		};
		A6C256E2214156AA00267E92 /* View */ = {
			isa = PBXGroup;
			children = (
				A6C256E5214156DC00267E92 /* View Controllers */,
				97BEAF85213E783500AAA342 /* Assets.xcassets */,
				97BEAF87213E783500AAA342 /* LaunchScreen.storyboard */,
			);
			path = View;
			sourceTree = "<group>";
		};
		A6C256E3214156AF00267E92 /* Application Logic */ = {
			isa = PBXGroup;
			children = (
				A6C256ED2141590A00267E92 /* Protocols */,
				9753A10F213FCE2100DBC4C8 /* UserAuthenticationUseCase.swift */,
				97BEAFA0213E7FFF00AAA342 /* FakeAuthenticationService.swift */,
			);
			path = "Application Logic";
			sourceTree = "<group>";
		};
		A6C256E4214156CA00267E92 /* Presentation */ = {
			isa = PBXGroup;
			children = (
				A6C256EE2141591E00267E92 /* Protocols */,
				9753A11B2140101E00DBC4C8 /* UserAuthenticationPresenter.swift */,
			);
			path = Presentation;
			sourceTree = "<group>";
		};
		A6C256E5214156DC00267E92 /* View Controllers */ = {
			isa = PBXGroup;
			children = (
				A6B8DB322147B47600941BA2 /* Table View Controller */,
				A6C256E6214156EB00267E92 /* Login View Controller */,
			);
			path = "View Controllers";
			sourceTree = "<group>";
		};
		A6C256E6214156EB00267E92 /* Login View Controller */ = {
			isa = PBXGroup;
			children = (
				9771ADCA213EB61A003B2CA1 /* LoginViewController.xib */,
				9771ADC8213EB524003B2CA1 /* LoginViewController.swift */,
			);
			path = "Login View Controller";
			sourceTree = "<group>";
		};
		A6C256E72141571300267E92 /* View */ = {
			isa = PBXGroup;
			children = (
				A6B8DB402147BC4500941BA2 /* Login View Controller */,
				A6B8DB352147B54100941BA2 /* Table View Controller */,
			);
			path = View;
			sourceTree = "<group>";
		};
		A6C256E82141571B00267E92 /* Application Logic */ = {
			isa = PBXGroup;
			children = (
				A6A00C7121415CA200B20891 /* Helpers */,
				9753A113213FD73200DBC4C8 /* UserAuthenticationUseCaseTest.swift */,
			);
			path = "Application Logic";
			sourceTree = "<group>";
		};
		A6C256E92141572400267E92 /* Presentation */ = {
			isa = PBXGroup;
			children = (
				A6B8DB512147E91F00941BA2 /* Helpers */,
				9753A11D2140114000DBC4C8 /* UserAuthenticationPresenterTest.swift */,
			);
			path = Presentation;
			sourceTree = "<group>";
		};
		A6C256EA2141572C00267E92 /* Main */ = {
			isa = PBXGroup;
			children = (
				970553982150D94A00401CF3 /* Data Store */,
				97BE8D00214F869A00EFEB80 /* Employee List */,
				A6D719802142A69B00CF9134 /* Assemblers */,
			);
			path = Main;
			sourceTree = "<group>";
		};
		A6C256ED2141590A00267E92 /* Protocols */ = {
			isa = PBXGroup;
			children = (
				9753A115213FDB7B00DBC4C8 /* UserAuthenticationUseCaseOutput.swift */,
				9753A111213FD2A300DBC4C8 /* AuthenticationService.swift */,
			);
			path = Protocols;
			sourceTree = "<group>";
		};
		A6C256EE2141591E00267E92 /* Protocols */ = {
			isa = PBXGroup;
			children = (
				974111EF21410475000C8B56 /* AuthenticationView.swift */,
			);
			path = Protocols;
			sourceTree = "<group>";
		};
		A6D719802142A69B00CF9134 /* Assemblers */ = {
			isa = PBXGroup;
			children = (
				973C2D0F21491FA900E73B1A /* Employee Table View Controller Assembler */,
				A6B358FE2142875D0083E982 /* User Authentication View Controller Assembler */,
				A6D7197E2142A69300CF9134 /* WeakRefTest.swift */,
			);
			path = Assemblers;
			sourceTree = "<group>";
		};
		A6D719812142A6A600CF9134 /* Assemblers */ = {
			isa = PBXGroup;
			children = (
				973C2D0C2149168B00E73B1A /* Employee Table View Controller Assembler */,
				A6D7197C2142A68400CF9134 /* WeakRef.swift */,
				A6B358FD214287380083E982 /* User Authentication View Controller Assembler */,
			);
			path = Assemblers;
			sourceTree = "<group>";
		};
/* End PBXGroup section */

/* Begin PBXNativeTarget section */
		97BEAF7A213E783400AAA342 /* EmployeesApp */ = {
			isa = PBXNativeTarget;
			buildConfigurationList = 97BEAF98213E783500AAA342 /* Build configuration list for PBXNativeTarget "EmployeesApp" */;
			buildPhases = (
				97BEAF77213E783400AAA342 /* Sources */,
				97BEAF78213E783400AAA342 /* Frameworks */,
				97BEAF79213E783400AAA342 /* Resources */,
			);
			buildRules = (
			);
			dependencies = (
			);
			name = EmployeesApp;
			productName = EmployeesApp;
			productReference = 97BEAF7B213E783400AAA342 /* EmployeesApp.app */;
			productType = "com.apple.product-type.application";
		};
		97BEAF8E213E783500AAA342 /* EmployeesAppTests */ = {
			isa = PBXNativeTarget;
			buildConfigurationList = 97BEAF9B213E783500AAA342 /* Build configuration list for PBXNativeTarget "EmployeesAppTests" */;
			buildPhases = (
				97BEAF8B213E783500AAA342 /* Sources */,
				97BEAF8C213E783500AAA342 /* Frameworks */,
				97BEAF8D213E783500AAA342 /* Resources */,
			);
			buildRules = (
			);
			dependencies = (
				97BEAF91213E783500AAA342 /* PBXTargetDependency */,
			);
			name = EmployeesAppTests;
			productName = EmployeesAppTests;
			productReference = 97BEAF8F213E783500AAA342 /* EmployeesAppTests.xctest */;
			productType = "com.apple.product-type.bundle.unit-test";
		};
/* End PBXNativeTarget section */

/* Begin PBXProject section */
		97BEAF73213E783400AAA342 /* Project object */ = {
			isa = PBXProject;
			attributes = {
				LastSwiftUpdateCheck = 0940;
				LastUpgradeCheck = 0940;
				ORGANIZATIONNAME = "Lisa van der Goes";
				TargetAttributes = {
					97BEAF7A213E783400AAA342 = {
						CreatedOnToolsVersion = 9.4.1;
					};
					97BEAF8E213E783500AAA342 = {
						CreatedOnToolsVersion = 9.4.1;
						LastSwiftMigration = 0940;
						TestTargetID = 97BEAF7A213E783400AAA342;
					};
				};
			};
			buildConfigurationList = 97BEAF76213E783400AAA342 /* Build configuration list for PBXProject "EmployeesApp" */;
			compatibilityVersion = "Xcode 9.3";
			developmentRegion = en;
			hasScannedForEncodings = 0;
			knownRegions = (
				en,
				Base,
			);
			mainGroup = 97BEAF72213E783400AAA342;
			productRefGroup = 97BEAF7C213E783400AAA342 /* Products */;
			projectDirPath = "";
			projectRoot = "";
			targets = (
				97BEAF7A213E783400AAA342 /* EmployeesApp */,
				97BEAF8E213E783500AAA342 /* EmployeesAppTests */,
			);
		};
/* End PBXProject section */

/* Begin PBXResourcesBuildPhase section */
		97BEAF79213E783400AAA342 /* Resources */ = {
			isa = PBXResourcesBuildPhase;
			buildActionMask = 2147483647;
			files = (
				97BEAF89213E783500AAA342 /* LaunchScreen.storyboard in Resources */,
				A6B8DB602147EC6500941BA2 /* EmployeeCell.xib in Resources */,
				97BEAF86213E783500AAA342 /* Assets.xcassets in Resources */,
				A6B8DB392147B67100941BA2 /* TableViewController.xib in Resources */,
				9771ADCB213EB61A003B2CA1 /* LoginViewController.xib in Resources */,
			);
			runOnlyForDeploymentPostprocessing = 0;
		};
		97BEAF8D213E783500AAA342 /* Resources */ = {
			isa = PBXResourcesBuildPhase;
			buildActionMask = 2147483647;
			files = (
			);
			runOnlyForDeploymentPostprocessing = 0;
		};
/* End PBXResourcesBuildPhase section */

/* Begin PBXSourcesBuildPhase section */
		97BEAF77213E783400AAA342 /* Sources */ = {
			isa = PBXSourcesBuildPhase;
			buildActionMask = 2147483647;
			files = (
				973C2D082148FE1F00E73B1A /* Occupation.swift in Sources */,
				9705539C2150DA4900401CF3 /* DataStoreTableViewUpdaterAdapter.swift in Sources */,
				97BE8D03214F929300EFEB80 /* EmployeeSelectionController.swift in Sources */,
				973C2CFB2148F0B300E73B1A /* EmployeeListLayoutOutput.swift in Sources */,
				A6C256EC214157E900267E92 /* LoginViewController+LoginView.swift in Sources */,
				A6B8DB342147B4A600941BA2 /* TableViewController.swift in Sources */,
				973C2D052148FD2D00E73B1A /* Employee.swift in Sources */,
				A6B8DB4C2147CFE900941BA2 /* PresentableEmployee.swift in Sources */,
				A6B35902214288600083E982 /* UserAuthenticationViewControllerAssembler.swift in Sources */,
				9753A116213FDB7B00DBC4C8 /* UserAuthenticationUseCaseOutput.swift in Sources */,
				973C2D132149543300E73B1A /* EmployeeTableViewControllerAssembler+DependencyFactory.swift in Sources */,
				9771ADC9213EB524003B2CA1 /* LoginViewController.swift in Sources */,
				97BE8D0A214FB27000EFEB80 /* EmployeeListDataSourceDataStoreAdapter.swift in Sources */,
				973C2D0B2148FF9500E73B1A /* Employee+PresentableEmployee.swift in Sources */,
				97BE8D0E214FB43600EFEB80 /* DataStore.swift in Sources */,
				A6D7197D2142A68400CF9134 /* WeakRef.swift in Sources */,
				9753A11C2140101E00DBC4C8 /* UserAuthenticationPresenter.swift in Sources */,
				97BE8D05214F96C700EFEB80 /* EmployeeListDataSource.swift in Sources */,
				97BEAF7F213E783400AAA342 /* AppDelegate.swift in Sources */,
				A6B8DB5E2147EBF200941BA2 /* EmployeeCell.swift in Sources */,
				A6B8DB3C2147B7D200941BA2 /* TableViewLayout.swift in Sources */,
				A6D719852142A95900CF9134 /* WeakRef+AuthenticationView.swift in Sources */,
				973C2D012148F4DB00E73B1A /* EmployeeListLayoutOutputImp.swift in Sources */,
				9753A112213FD2A300DBC4C8 /* AuthenticationService.swift in Sources */,
				97BEAFA1213E7FFF00AAA342 /* FakeAuthenticationService.swift in Sources */,
				974111F021410475000C8B56 /* AuthenticationView.swift in Sources */,
				970553972150D87900401CF3 /* DataStoreOutput.swift in Sources */,
				973C2D0E2149172B00E73B1A /* EmployeeTableViewControllerAssembler.swift in Sources */,
				A6B8DB502147E8A500941BA2 /* UserAuthenticationViewControllerAssembler+DependencyFactory.swift in Sources */,
				A6B8DB432147BE7B00941BA2 /* EmployeeListLayout.swift in Sources */,
				9753A110213FCE2100DBC4C8 /* UserAuthenticationUseCase.swift in Sources */,
				A6B8DB4E2147E83D00941BA2 /* EmployeeListLayout+CellBuilder.swift in Sources */,
			);
			runOnlyForDeploymentPostprocessing = 0;
		};
		97BEAF8B213E783500AAA342 /* Sources */ = {
			isa = PBXSourcesBuildPhase;
			buildActionMask = 2147483647;
			files = (
				A6B8DB3F2147BC2C00941BA2 /* TableViewLayoutSpy.swift in Sources */,
				A6A00C7321415CCB00B20891 /* AuthenticationServiceSpy.swift in Sources */,
				A6B8DB492147CDFF00941BA2 /* EmployeeListLayoutCellBuilderSpy.swift in Sources */,
				A6D7197F2142A69300CF9134 /* WeakRefTest.swift in Sources */,
				9753A11E2140114000DBC4C8 /* UserAuthenticationPresenterTest.swift in Sources */,
				97BE8D07214FAD7600EFEB80 /* EmployeeListDataSourceSpy.swift in Sources */,
				A6B8DB582147E9B000941BA2 /* UserAuthenticationUseCaseSpy.swift in Sources */,
				9734A6F1214A666D0084BB61 /* EmployeeTableViewControllerAssemblerTestDependencyFactorySpy.swift in Sources */,
				A6B359002142876D0083E982 /* User AuthenticationViewControllerAssemblerTest.swift in Sources */,
				9734A6EE214A61D50084BB61 /* Employee+PresentableEmployeeTest.swift in Sources */,
				97BE8D0C214FB3B200EFEB80 /* DataStoreTest.swift in Sources */,
				A6B8DB452147BEA600941BA2 /* EmployeeListLayoutTest.swift in Sources */,
				97BE8D14214FD91A00EFEB80 /* DataStoreOutputSpy.swift in Sources */,
				9734A6EC214A58640084BB61 /* EmployeeMock.swift in Sources */,
				9771ADC7213EB2C7003B2CA1 /* LoginViewControllerTest.swift in Sources */,
				A6A00C7521415CF000B20891 /* UserAuthenticationUseCaseOutputSpy.swift in Sources */,
				A6B8DB532147E92C00941BA2 /* AuthenticationViewSpy.swift in Sources */,
				A6B8DB562147E97E00941BA2 /* UserAuthenticationViewControllerAssemblerDependencyFactorySpy.swift in Sources */,
				A6B8DB5B2147EB3400941BA2 /* EmployeeCellTest.swift in Sources */,
				9753A114213FD73200DBC4C8 /* UserAuthenticationUseCaseTest.swift in Sources */,
				A6B8DB692147F4CD00941BA2 /* EmployeeListLayoutCellBuilderTest.swift in Sources */,
				97BE8D11214FD61900EFEB80 /* EmployeeListDataSourceDataStoreAdapterTest.swift in Sources */,
				A6D719832142A8F400CF9134 /* WeakRef+AuthenticationViewTest.swift in Sources */,
				A6B8DB372147B56600941BA2 /* TableViewControllerTest.swift in Sources */,
				973C2CFF2148F19200E73B1A /* EmployeeListLayoutOutputImpTest.swift in Sources */,
				973C2D112149200F00E73B1A /* EmployeeTableViewControllerAssemblerTest.swift in Sources */,
				973C2CFD2148F10600E73B1A /* EmployeeListLayoutSpy.swift in Sources */,
			);
			runOnlyForDeploymentPostprocessing = 0;
		};
/* End PBXSourcesBuildPhase section */

/* Begin PBXTargetDependency section */
		97BEAF91213E783500AAA342 /* PBXTargetDependency */ = {
			isa = PBXTargetDependency;
			target = 97BEAF7A213E783400AAA342 /* EmployeesApp */;
			targetProxy = 97BEAF90213E783500AAA342 /* PBXContainerItemProxy */;
		};
/* End PBXTargetDependency section */

/* Begin PBXVariantGroup section */
		97BEAF87213E783500AAA342 /* LaunchScreen.storyboard */ = {
			isa = PBXVariantGroup;
			children = (
				97BEAF88213E783500AAA342 /* Base */,
			);
			name = LaunchScreen.storyboard;
			sourceTree = "<group>";
		};
/* End PBXVariantGroup section */

/* Begin XCBuildConfiguration section */
		97BEAF96213E783500AAA342 /* Debug */ = {
			isa = XCBuildConfiguration;
			buildSettings = {
				ALWAYS_SEARCH_USER_PATHS = NO;
				CLANG_ANALYZER_NONNULL = YES;
				CLANG_ANALYZER_NUMBER_OBJECT_CONVERSION = YES_AGGRESSIVE;
				CLANG_CXX_LANGUAGE_STANDARD = "gnu++14";
				CLANG_CXX_LIBRARY = "libc++";
				CLANG_ENABLE_MODULES = YES;
				CLANG_ENABLE_OBJC_ARC = YES;
				CLANG_ENABLE_OBJC_WEAK = YES;
				CLANG_WARN_BLOCK_CAPTURE_AUTORELEASING = YES;
				CLANG_WARN_BOOL_CONVERSION = YES;
				CLANG_WARN_COMMA = YES;
				CLANG_WARN_CONSTANT_CONVERSION = YES;
				CLANG_WARN_DEPRECATED_OBJC_IMPLEMENTATIONS = YES;
				CLANG_WARN_DIRECT_OBJC_ISA_USAGE = YES_ERROR;
				CLANG_WARN_DOCUMENTATION_COMMENTS = YES;
				CLANG_WARN_EMPTY_BODY = YES;
				CLANG_WARN_ENUM_CONVERSION = YES;
				CLANG_WARN_INFINITE_RECURSION = YES;
				CLANG_WARN_INT_CONVERSION = YES;
				CLANG_WARN_NON_LITERAL_NULL_CONVERSION = YES;
				CLANG_WARN_OBJC_IMPLICIT_RETAIN_SELF = YES;
				CLANG_WARN_OBJC_LITERAL_CONVERSION = YES;
				CLANG_WARN_OBJC_ROOT_CLASS = YES_ERROR;
				CLANG_WARN_RANGE_LOOP_ANALYSIS = YES;
				CLANG_WARN_STRICT_PROTOTYPES = YES;
				CLANG_WARN_SUSPICIOUS_MOVE = YES;
				CLANG_WARN_UNGUARDED_AVAILABILITY = YES_AGGRESSIVE;
				CLANG_WARN_UNREACHABLE_CODE = YES;
				CLANG_WARN__DUPLICATE_METHOD_MATCH = YES;
				CODE_SIGN_IDENTITY = "iPhone Developer";
				COPY_PHASE_STRIP = NO;
				DEBUG_INFORMATION_FORMAT = dwarf;
				ENABLE_STRICT_OBJC_MSGSEND = YES;
				ENABLE_TESTABILITY = YES;
				GCC_C_LANGUAGE_STANDARD = gnu11;
				GCC_DYNAMIC_NO_PIC = NO;
				GCC_NO_COMMON_BLOCKS = YES;
				GCC_OPTIMIZATION_LEVEL = 0;
				GCC_PREPROCESSOR_DEFINITIONS = (
					"DEBUG=1",
					"$(inherited)",
				);
				GCC_WARN_64_TO_32_BIT_CONVERSION = YES;
				GCC_WARN_ABOUT_RETURN_TYPE = YES_ERROR;
				GCC_WARN_UNDECLARED_SELECTOR = YES;
				GCC_WARN_UNINITIALIZED_AUTOS = YES_AGGRESSIVE;
				GCC_WARN_UNUSED_FUNCTION = YES;
				GCC_WARN_UNUSED_VARIABLE = YES;
				IPHONEOS_DEPLOYMENT_TARGET = 11.4;
				MTL_ENABLE_DEBUG_INFO = YES;
				ONLY_ACTIVE_ARCH = YES;
				SDKROOT = iphoneos;
				SWIFT_ACTIVE_COMPILATION_CONDITIONS = DEBUG;
				SWIFT_OPTIMIZATION_LEVEL = "-Onone";
			};
			name = Debug;
		};
		97BEAF97213E783500AAA342 /* Release */ = {
			isa = XCBuildConfiguration;
			buildSettings = {
				ALWAYS_SEARCH_USER_PATHS = NO;
				CLANG_ANALYZER_NONNULL = YES;
				CLANG_ANALYZER_NUMBER_OBJECT_CONVERSION = YES_AGGRESSIVE;
				CLANG_CXX_LANGUAGE_STANDARD = "gnu++14";
				CLANG_CXX_LIBRARY = "libc++";
				CLANG_ENABLE_MODULES = YES;
				CLANG_ENABLE_OBJC_ARC = YES;
				CLANG_ENABLE_OBJC_WEAK = YES;
				CLANG_WARN_BLOCK_CAPTURE_AUTORELEASING = YES;
				CLANG_WARN_BOOL_CONVERSION = YES;
				CLANG_WARN_COMMA = YES;
				CLANG_WARN_CONSTANT_CONVERSION = YES;
				CLANG_WARN_DEPRECATED_OBJC_IMPLEMENTATIONS = YES;
				CLANG_WARN_DIRECT_OBJC_ISA_USAGE = YES_ERROR;
				CLANG_WARN_DOCUMENTATION_COMMENTS = YES;
				CLANG_WARN_EMPTY_BODY = YES;
				CLANG_WARN_ENUM_CONVERSION = YES;
				CLANG_WARN_INFINITE_RECURSION = YES;
				CLANG_WARN_INT_CONVERSION = YES;
				CLANG_WARN_NON_LITERAL_NULL_CONVERSION = YES;
				CLANG_WARN_OBJC_IMPLICIT_RETAIN_SELF = YES;
				CLANG_WARN_OBJC_LITERAL_CONVERSION = YES;
				CLANG_WARN_OBJC_ROOT_CLASS = YES_ERROR;
				CLANG_WARN_RANGE_LOOP_ANALYSIS = YES;
				CLANG_WARN_STRICT_PROTOTYPES = YES;
				CLANG_WARN_SUSPICIOUS_MOVE = YES;
				CLANG_WARN_UNGUARDED_AVAILABILITY = YES_AGGRESSIVE;
				CLANG_WARN_UNREACHABLE_CODE = YES;
				CLANG_WARN__DUPLICATE_METHOD_MATCH = YES;
				CODE_SIGN_IDENTITY = "iPhone Developer";
				COPY_PHASE_STRIP = NO;
				DEBUG_INFORMATION_FORMAT = "dwarf-with-dsym";
				ENABLE_NS_ASSERTIONS = NO;
				ENABLE_STRICT_OBJC_MSGSEND = YES;
				GCC_C_LANGUAGE_STANDARD = gnu11;
				GCC_NO_COMMON_BLOCKS = YES;
				GCC_WARN_64_TO_32_BIT_CONVERSION = YES;
				GCC_WARN_ABOUT_RETURN_TYPE = YES_ERROR;
				GCC_WARN_UNDECLARED_SELECTOR = YES;
				GCC_WARN_UNINITIALIZED_AUTOS = YES_AGGRESSIVE;
				GCC_WARN_UNUSED_FUNCTION = YES;
				GCC_WARN_UNUSED_VARIABLE = YES;
				IPHONEOS_DEPLOYMENT_TARGET = 11.4;
				MTL_ENABLE_DEBUG_INFO = NO;
				SDKROOT = iphoneos;
				SWIFT_COMPILATION_MODE = wholemodule;
				SWIFT_OPTIMIZATION_LEVEL = "-O";
				VALIDATE_PRODUCT = YES;
			};
			name = Release;
		};
		97BEAF99213E783500AAA342 /* Debug */ = {
			isa = XCBuildConfiguration;
			buildSettings = {
				ASSETCATALOG_COMPILER_APPICON_NAME = AppIcon;
				CODE_SIGN_STYLE = Automatic;
				INFOPLIST_FILE = EmployeesApp/Info.plist;
				LD_RUNPATH_SEARCH_PATHS = (
					"$(inherited)",
					"@executable_path/Frameworks",
				);
				PRODUCT_BUNDLE_IDENTIFIER = com.lisa.EmployeesApp;
				PRODUCT_NAME = "$(TARGET_NAME)";
				SWIFT_VERSION = 4.0;
				TARGETED_DEVICE_FAMILY = "1,2";
			};
			name = Debug;
		};
		97BEAF9A213E783500AAA342 /* Release */ = {
			isa = XCBuildConfiguration;
			buildSettings = {
				ASSETCATALOG_COMPILER_APPICON_NAME = AppIcon;
				CODE_SIGN_STYLE = Automatic;
				INFOPLIST_FILE = EmployeesApp/Info.plist;
				LD_RUNPATH_SEARCH_PATHS = (
					"$(inherited)",
					"@executable_path/Frameworks",
				);
				PRODUCT_BUNDLE_IDENTIFIER = com.lisa.EmployeesApp;
				PRODUCT_NAME = "$(TARGET_NAME)";
				SWIFT_VERSION = 4.0;
				TARGETED_DEVICE_FAMILY = "1,2";
			};
			name = Release;
		};
		97BEAF9C213E783500AAA342 /* Debug */ = {
			isa = XCBuildConfiguration;
			buildSettings = {
				ALWAYS_EMBED_SWIFT_STANDARD_LIBRARIES = YES;
				BUNDLE_LOADER = "$(TEST_HOST)";
				CLANG_ENABLE_MODULES = YES;
				CODE_SIGN_STYLE = Automatic;
				INFOPLIST_FILE = EmployeesAppTests/Info.plist;
				LD_RUNPATH_SEARCH_PATHS = (
					"$(inherited)",
					"@executable_path/Frameworks",
					"@loader_path/Frameworks",
				);
				PRODUCT_BUNDLE_IDENTIFIER = com.lisa.EmployeesAppTests;
				PRODUCT_NAME = "$(TARGET_NAME)";
				SWIFT_OPTIMIZATION_LEVEL = "-Onone";
				SWIFT_VERSION = 4.0;
				TARGETED_DEVICE_FAMILY = "1,2";
				TEST_HOST = "$(BUILT_PRODUCTS_DIR)/EmployeesApp.app/EmployeesApp";
			};
			name = Debug;
		};
		97BEAF9D213E783500AAA342 /* Release */ = {
			isa = XCBuildConfiguration;
			buildSettings = {
				ALWAYS_EMBED_SWIFT_STANDARD_LIBRARIES = YES;
				BUNDLE_LOADER = "$(TEST_HOST)";
				CLANG_ENABLE_MODULES = YES;
				CODE_SIGN_STYLE = Automatic;
				INFOPLIST_FILE = EmployeesAppTests/Info.plist;
				LD_RUNPATH_SEARCH_PATHS = (
					"$(inherited)",
					"@executable_path/Frameworks",
					"@loader_path/Frameworks",
				);
				PRODUCT_BUNDLE_IDENTIFIER = com.lisa.EmployeesAppTests;
				PRODUCT_NAME = "$(TARGET_NAME)";
				SWIFT_VERSION = 4.0;
				TARGETED_DEVICE_FAMILY = "1,2";
				TEST_HOST = "$(BUILT_PRODUCTS_DIR)/EmployeesApp.app/EmployeesApp";
			};
			name = Release;
		};
/* End XCBuildConfiguration section */

/* Begin XCConfigurationList section */
		97BEAF76213E783400AAA342 /* Build configuration list for PBXProject "EmployeesApp" */ = {
			isa = XCConfigurationList;
			buildConfigurations = (
				97BEAF96213E783500AAA342 /* Debug */,
				97BEAF97213E783500AAA342 /* Release */,
			);
			defaultConfigurationIsVisible = 0;
			defaultConfigurationName = Release;
		};
		97BEAF98213E783500AAA342 /* Build configuration list for PBXNativeTarget "EmployeesApp" */ = {
			isa = XCConfigurationList;
			buildConfigurations = (
				97BEAF99213E783500AAA342 /* Debug */,
				97BEAF9A213E783500AAA342 /* Release */,
			);
			defaultConfigurationIsVisible = 0;
			defaultConfigurationName = Release;
		};
		97BEAF9B213E783500AAA342 /* Build configuration list for PBXNativeTarget "EmployeesAppTests" */ = {
			isa = XCConfigurationList;
			buildConfigurations = (
				97BEAF9C213E783500AAA342 /* Debug */,
				97BEAF9D213E783500AAA342 /* Release */,
			);
			defaultConfigurationIsVisible = 0;
			defaultConfigurationName = Release;
		};
/* End XCConfigurationList section */
	};
	rootObject = 97BEAF73213E783400AAA342 /* Project object */;
}
